
Microsoft Visual Studio Solution File, Format Version 12.00
# Visual Studio Version 17
VisualStudioVersion = 17.0.32014.148
MinimumVisualStudioVersion = 10.0.40219.1
Project("{FAE04EC0-301F-11D3-BF4B-00C04F79EFBC}") = "OOP_Kolcsonzo", "OOP_Kolcsonzo\OOP_Kolcsonzo.csproj", "{31765240-A5F3-4617-BCDC-704E7D8E8CC0}"
EndProject
Global
	GlobalSection(SolutionConfigurationPlatforms) = preSolution
		Debug|Any CPU = Debug|Any CPU
		Release|Any CPU = Release|Any CPU
	EndGlobalSection
	GlobalSection(ProjectConfigurationPlatforms) = postSolution
		{31765240-A5F3-4617-BCDC-704E7D8E8CC0}.Debug|Any CPU.ActiveCfg = Debug|Any CPU
		{31765240-A5F3-4617-BCDC-704E7D8E8CC0}.Debug|Any CPU.Build.0 = Debug|Any CPU
		{31765240-A5F3-4617-BCDC-704E7D8E8CC0}.Release|Any CPU.ActiveCfg = Release|Any CPU
		{31765240-A5F3-4617-BCDC-704E7D8E8CC0}.Release|Any CPU.Build.0 = Release|Any CPU
	EndGlobalSection
	GlobalSection(SolutionProperties) = preSolution
		HideSolutionNode = FALSE
	EndGlobalSection
	GlobalSection(ExtensibilityGlobals) = postSolution
		SolutionGuid = {FA9021AC-8626-478D-8E0F-0C44881B8677}
	EndGlobalSection
EndGlobal
